
Microsoft Visual Studio Solution File, Format Version 11.00
# Visual Studio 2010
Project("{FAE04EC0-301F-11D3-BF4B-00C04F79EFBC}") = "TheRestaurant", "TheRestaurant\TheRestaurant.csproj", "{42503A10-7639-41DB-8A96-4AFA8B3DF471}"
EndProject
Project("{FAE04EC0-301F-11D3-BF4B-00C04F79EFBC}") = "TheRestaurant.Tests", "TheRestaurant.Tests\TheRestaurant.Tests.csproj", "{D25B7F4A-6F39-4895-8006-69F419671FCE}"
EndProject
Global
	GlobalSection(SolutionConfigurationPlatforms) = preSolution
		Debug|Any CPU = Debug|Any CPU
		Release|Any CPU = Release|Any CPU
	EndGlobalSection
	GlobalSection(ProjectConfigurationPlatforms) = postSolution
		{42503A10-7639-41DB-8A96-4AFA8B3DF471}.Debug|Any CPU.ActiveCfg = Debug|Any CPU
		{42503A10-7639-41DB-8A96-4AFA8B3DF471}.Debug|Any CPU.Build.0 = Debug|Any CPU
		{42503A10-7639-41DB-8A96-4AFA8B3DF471}.Release|Any CPU.ActiveCfg = Release|Any CPU
		{42503A10-7639-41DB-8A96-4AFA8B3DF471}.Release|Any CPU.Build.0 = Release|Any CPU
		{D25B7F4A-6F39-4895-8006-69F419671FCE}.Debug|Any CPU.ActiveCfg = Debug|Any CPU
		{D25B7F4A-6F39-4895-8006-69F419671FCE}.Debug|Any CPU.Build.0 = Debug|Any CPU
		{D25B7F4A-6F39-4895-8006-69F419671FCE}.Release|Any CPU.ActiveCfg = Release|Any CPU
		{D25B7F4A-6F39-4895-8006-69F419671FCE}.Release|Any CPU.Build.0 = Release|Any CPU
	EndGlobalSection
	GlobalSection(SolutionProperties) = preSolution
		HideSolutionNode = FALSE
	EndGlobalSection
EndGlobal
